{
  "nodes": {
    "ags": {
      "inputs": {
        "nixpkgs": "nixpkgs",
        "systems": "systems"
      },
      "locked": {
        "lastModified": 1735346349,
        "narHash": "sha256-n/VeEnc6fra2SPgm2ppzwQ52ggYDhpzmBnIBrVD/f+0=",
        "owner": "Aylur",
        "repo": "ags",
        "rev": "237601999d65a4663bcbab934f4f6ce1f579d728",
        "type": "github"
      },
      "original": {
        "owner": "Aylur",
        "ref": "v1",
        "repo": "ags",
        "type": "github"
      }
    },
    "catppuccin-alacritty": {
      "flake": false,
      "locked": {
        "lastModified": 1730074245,
        "narHash": "sha256-H8bouVCS46h0DgQ+oYY8JitahQDj0V9p2cOoD4cQX+Q=",
        "owner": "catppuccin",
        "repo": "alacritty",
        "rev": "f6cb5a5c2b404cdaceaff193b9c52317f62c62f7",
        "type": "github"
      },
      "original": {
        "owner": "catppuccin",
        "repo": "alacritty",
        "type": "github"
      }
    },
    "catppuccin-bat": {
      "flake": false,
      "locked": {
        "lastModified": 1751237777,
        "narHash": "sha256-lJapSgRVENTrbmpVyn+UQabC9fpV1G1e+CdlJ090uvg=",
        "owner": "catppuccin",
        "repo": "bat",
        "rev": "6810349b28055dce54076712fc05fc68da4b8ec0",
        "type": "github"
      },
      "original": {
        "owner": "catppuccin",
        "repo": "bat",
        "type": "github"
      }
    },
    "catppuccin-bottom": {
      "flake": false,
      "locked": {
        "lastModified": 1726591156,
        "narHash": "sha256-Vi438I+YVvoD2xzq2t9hJ9R3a+2TlDdbakjFYFtjtXQ=",
        "owner": "catppuccin",
        "repo": "bottom",
        "rev": "ed09bd5a5dd78d83acdc8ff5fdec40a6340ed1c2",
        "type": "github"
      },
      "original": {
        "owner": "catppuccin",
        "repo": "bottom",
        "rev": "ed09bd5a5dd78d83acdc8ff5fdec40a6340ed1c2",
        "type": "github"
      }
    },
    "catppuccin-delta": {
      "flake": false,
      "locked": {
        "lastModified": 1760466394,
        "narHash": "sha256-NjqqB/BHqduiNWKeksiRZUMfjRUodJlsVu1yaEIZRsM=",
        "owner": "catppuccin",
        "repo": "delta",
        "rev": "74b47a345638a2f19b3e5bdb9d7e4984066f9ac7",
        "type": "github"
      },
      "original": {
        "owner": "catppuccin",
        "repo": "delta",
        "type": "github"
      }
    },
    "catppuccin-ghostty": {
      "flake": false,
      "locked": {
        "lastModified": 1767812061,
        "narHash": "sha256-Y6RFften1/6+1xdhIzEh/E7FBJTwY5a8NH4301HbgOM=",
        "owner": "catppuccin",
        "repo": "ghostty",
        "rev": "5a58926563ddacbde4a12b4a347464c2c6945393",
        "type": "github"
      },
      "original": {
        "owner": "catppuccin",
        "repo": "ghostty",
        "type": "github"
      }
    },
    "catppuccin-palette": {
      "flake": false,
      "locked": {
        "lastModified": 1742245182,
        "narHash": "sha256-R52Q1FVAclvBk7xNgj/Jl+GPCIbORNf6YbJ1nxH3Gzs=",
        "owner": "catppuccin",
        "repo": "palette",
        "rev": "0df7db6fe201b437d91e7288fa22807bb0e44701",
        "type": "github"
      },
      "original": {
        "owner": "catppuccin",
        "repo": "palette",
        "type": "github"
      }
    },
    "catppuccin-tmux": {
      "flake": false,
      "locked": {
        "lastModified": 1727657302,
        "narHash": "sha256-0PV4h1u7QYzaxxrgfF/dE+Y9MGcEKpcspkyMC2HO+Hk=",
        "owner": "catppuccin",
        "repo": "tmux",
        "rev": "5fbfcc12f5144d4ba603a0e6e6ec61c44b6ccba4",
        "type": "github"
      },
      "original": {
        "owner": "catppuccin",
        "ref": "v0.3.0",
        "repo": "tmux",
        "type": "github"
      }
    },
    "catppuccin-zathura": {
      "flake": false,
      "locked": {
        "lastModified": 1754177571,
        "narHash": "sha256-upyfc4OSx9xKUoM/JdRfuXiw38ffoSB/Utm2jpyXgy8=",
        "owner": "catppuccin",
        "repo": "zathura",
        "rev": "9f29c2c1622c70436f0e0b98fea9735863596c1e",
        "type": "github"
      },
      "original": {
        "owner": "catppuccin",
        "repo": "zathura",
        "type": "github"
      }
    },
    "catppuccin-zsh-fsh": {
      "flake": false,
      "locked": {
        "lastModified": 1721499232,
        "narHash": "sha256-WeqvsKXTO3Iham+2dI1QsNZWA8Yv9BHn1BgdlvR8zaw=",
        "owner": "catppuccin",
        "repo": "zsh-fsh",
        "rev": "a9bdf479f8982c4b83b5c5005c8231c6b3352e2a",
        "type": "github"
      },
      "original": {
        "owner": "catppuccin",
        "repo": "zsh-fsh",
        "type": "github"
      }
    },
    "di": {
      "inputs": {
        "flake-parts": "flake-parts",
        "nixpkgs": [
          "nixpkgs"
        ]
      },
      "locked": {
        "lastModified": 1773901628,
        "narHash": "sha256-NAs4ODMapks3ClEJGtr5AJv2DqK8OJP+/i5dqee3yZo=",
        "owner": "coletrammer",
        "repo": "di",
        "rev": "b0cbb673dafa054cca25e0bbb5807ecf47f9f8e7",
        "type": "github"
      },
      "original": {
        "owner": "coletrammer",
        "ref": "json",
        "repo": "di",
        "type": "github"
      }
    },
    "di_2": {
      "inputs": {
        "flake-parts": [
          "ttx",
          "flake-parts"
        ],
        "nixpkgs": [
          "ttx",
          "nixpkgs"
        ]
      },
      "locked": {
        "lastModified": 1772343782,
        "narHash": "sha256-X3n+GdNt8zgnwtdVB8+RC9pvY9qSfCduWnDfl8phB5U=",
        "owner": "coletrammer",
        "repo": "di",
        "rev": "1582f3b2eaac5695f1f919332dbacff4c501ad7a",
        "type": "github"
      },
      "original": {
        "owner": "coletrammer",
        "repo": "di",
        "type": "github"
      }
    },
    "disko": {
      "inputs": {
        "nixpkgs": [
          "nixpkgs"
        ]
      },
      "locked": {
        "lastModified": 1773506317,
        "narHash": "sha256-qWKbLUJpavIpvOdX1fhHYm0WGerytFHRoh9lVck6Bh0=",
        "owner": "nix-community",
        "repo": "disko",
        "rev": "878ec37d6a8f52c6c801d0e2a2ad554c75b9353c",
        "type": "github"
      },
      "original": {
        "owner": "nix-community",
        "repo": "disko",
        "type": "github"
      }
    },
    "dius": {
      "inputs": {
        "di": [
          "di"
        ],
        "flake-parts": "flake-parts_2",
        "nixpkgs": [
          "nixpkgs"
        ]
      },
      "locked": {
        "lastModified": 1772344973,
        "narHash": "sha256-7SnMcUTRCbRKqtxEtTamCdG8vlkoM4QkVnrSfE+Dzr4=",
        "owner": "coletrammer",
        "repo": "dius",
        "rev": "6f68e2fa32dcf537c9c1d279f707ee895a4cb81c",
        "type": "github"
      },
      "original": {
        "owner": "coletrammer",
        "repo": "dius",
        "type": "github"
      }
    },
    "flake-parts": {
      "inputs": {
        "nixpkgs-lib": [
          "di",
          "nixpkgs"
        ]
      },
      "locked": {
        "lastModified": 1769996383,
        "narHash": "sha256-AnYjnFWgS49RlqX7LrC4uA+sCCDBj0Ry/WOJ5XWAsa0=",
        "owner": "hercules-ci",
        "repo": "flake-parts",
        "rev": "57928607ea566b5db3ad13af0e57e921e6b12381",
        "type": "github"
      },
      "original": {
        "owner": "hercules-ci",
        "repo": "flake-parts",
        "type": "github"
      }
    },
    "flake-parts_2": {
      "inputs": {
        "nixpkgs-lib": [
          "dius",
          "nixpkgs"
        ]
      },
      "locked": {
        "lastModified": 1769996383,
        "narHash": "sha256-AnYjnFWgS49RlqX7LrC4uA+sCCDBj0Ry/WOJ5XWAsa0=",
        "owner": "hercules-ci",
        "repo": "flake-parts",
        "rev": "57928607ea566b5db3ad13af0e57e921e6b12381",
        "type": "github"
      },
      "original": {
        "owner": "hercules-ci",
        "repo": "flake-parts",
        "type": "github"
      }
    },
    "flake-parts_3": {
      "inputs": {
        "nixpkgs-lib": "nixpkgs-lib"
      },
      "locked": {
        "lastModified": 1772408722,
        "narHash": "sha256-rHuJtdcOjK7rAHpHphUb1iCvgkU3GpfvicLMwwnfMT0=",
        "owner": "hercules-ci",
        "repo": "flake-parts",
        "rev": "f20dc5d9b8027381c474144ecabc9034d6a839a3",
        "type": "github"
      },
      "original": {
        "owner": "hercules-ci",
        "repo": "flake-parts",
        "type": "github"
      }
    },
    "flake-parts_4": {
      "inputs": {
        "nixpkgs-lib": [
          "nixvim",
          "nixpkgs"
        ]
      },
      "locked": {
        "lastModified": 1769996383,
        "narHash": "sha256-AnYjnFWgS49RlqX7LrC4uA+sCCDBj0Ry/WOJ5XWAsa0=",
        "owner": "hercules-ci",
        "repo": "flake-parts",
        "rev": "57928607ea566b5db3ad13af0e57e921e6b12381",
        "type": "github"
      },
      "original": {
        "owner": "hercules-ci",
        "repo": "flake-parts",
        "type": "github"
      }
    },
    "flake-parts_5": {
      "inputs": {
        "nixpkgs-lib": [
          "seamless-navigation-nvim",
          "nixpkgs"
        ]
      },
      "locked": {
        "lastModified": 1769996383,
        "narHash": "sha256-AnYjnFWgS49RlqX7LrC4uA+sCCDBj0Ry/WOJ5XWAsa0=",
        "owner": "hercules-ci",
        "repo": "flake-parts",
        "rev": "57928607ea566b5db3ad13af0e57e921e6b12381",
        "type": "github"
      },
      "original": {
        "owner": "hercules-ci",
        "repo": "flake-parts",
        "type": "github"
      }
    },
    "flake-parts_6": {
      "inputs": {
        "nixpkgs-lib": [
          "ttx",
          "nixpkgs"
        ]
      },
      "locked": {
        "lastModified": 1762980239,
        "narHash": "sha256-8oNVE8TrD19ulHinjaqONf9QWCKK+w4url56cdStMpM=",
        "owner": "hercules-ci",
        "repo": "flake-parts",
        "rev": "52a2caecc898d0b46b2b905f058ccc5081f842da",
        "type": "github"
      },
      "original": {
        "owner": "hercules-ci",
        "repo": "flake-parts",
        "type": "github"
      }
    },
    "flake-root": {
      "locked": {
        "lastModified": 1723604017,
        "narHash": "sha256-rBtQ8gg+Dn4Sx/s+pvjdq3CB2wQNzx9XGFq/JVGCB6k=",
        "owner": "srid",
        "repo": "flake-root",
        "rev": "b759a56851e10cb13f6b8e5698af7b59c44be26e",
        "type": "github"
      },
      "original": {
        "owner": "srid",
        "repo": "flake-root",
        "type": "github"
      }
    },
    "home-manager": {
      "inputs": {
        "nixpkgs": [
          "nixpkgs"
        ]
      },
      "locked": {
        "lastModified": 1773681856,
        "narHash": "sha256-+bRqxoFCJFO9ZTFhcCkzNXbDT3b8AEk88fyjB7Is6eo=",
        "owner": "nix-community",
        "repo": "home-manager",
        "rev": "57d5560ee92a424fb71fde800acd6ed2c725dfce",
        "type": "github"
      },
      "original": {
        "owner": "nix-community",
        "repo": "home-manager",
        "type": "github"
      }
    },
    "home-manager_2": {
      "inputs": {
        "nixpkgs": [
          "impermanence",
          "nixpkgs"
        ]
      },
      "locked": {
        "lastModified": 1768598210,
        "narHash": "sha256-kkgA32s/f4jaa4UG+2f8C225Qvclxnqs76mf8zvTVPg=",
        "owner": "nix-community",
        "repo": "home-manager",
        "rev": "c47b2cc64a629f8e075de52e4742de688f930dc6",
        "type": "github"
      },
      "original": {
        "owner": "nix-community",
        "repo": "home-manager",
        "type": "github"
      }
    },
    "impermanence": {
      "inputs": {
        "home-manager": "home-manager_2",
        "nixpkgs": "nixpkgs_2"
      },
      "locked": {
        "lastModified": 1769548169,
        "narHash": "sha256-03+JxvzmfwRu+5JafM0DLbxgHttOQZkUtDWBmeUkN8Y=",
        "owner": "nix-community",
        "repo": "impermanence",
        "rev": "7b1d382faf603b6d264f58627330f9faa5cba149",
        "type": "github"
      },
      "original": {
        "owner": "nix-community",
        "repo": "impermanence",
        "type": "github"
      }
    },
    "lf": {
      "flake": false,
      "locked": {
        "lastModified": 1773703409,
        "narHash": "sha256-ti4Q8pPUcdz6Wnttwxn9usYL4EHqzpbYNJIbH2MLmqw=",
        "owner": "gokcehan",
        "repo": "lf",
        "rev": "29baa994de53da951cf3f2f40949324bdb5afe49",
        "type": "github"
      },
      "original": {
        "owner": "gokcehan",
        "repo": "lf",
        "type": "github"
      }
    },
    "live-split-druid": {
      "flake": false,
      "locked": {
        "lastModified": 1772069670,
        "narHash": "sha256-XENvFmwNPFf9/iFFiQJGr9C21SEkvWGXNLE45oQuAmM=",
        "owner": "AlexKnauth",
        "repo": "livesplit-one-druid",
        "rev": "0f79eada0dc7ffbaf968e196ad8088c24986b910",
        "type": "github"
      },
      "original": {
        "owner": "AlexKnauth",
        "ref": "dev",
        "repo": "livesplit-one-druid",
        "type": "github"
      }
    },
    "multicursor-nvim": {
      "flake": false,
      "locked": {
        "lastModified": 1772279523,
        "narHash": "sha256-5Syxir+5cKzpr9cEDGm2AWILJ40lsTObuOwMVxV+znE=",
        "owner": "jake-stewart",
        "repo": "multicursor.nvim",
        "rev": "811681faf44d8031685614cc00a148cd3ece697c",
        "type": "github"
      },
      "original": {
        "owner": "jake-stewart",
        "repo": "multicursor.nvim",
        "type": "github"
      }
    },
    "nix-index-database": {
      "inputs": {
        "nixpkgs": [
          "nixpkgs"
        ]
      },
      "locked": {
        "lastModified": 1773552174,
        "narHash": "sha256-mHSRNrT1rjeYBgkAlj07dW3+1nFEgAd8Gu6lgyfT9DU=",
        "owner": "nix-community",
        "repo": "nix-index-database",
        "rev": "8faeb68130df077450451b6734a221ba0d6cde42",
        "type": "github"
      },
      "original": {
        "owner": "nix-community",
        "repo": "nix-index-database",
        "type": "github"
      }
    },
    "nixpkgs": {
      "locked": {
        "lastModified": 1725634671,
        "narHash": "sha256-v3rIhsJBOMLR8e/RNWxr828tB+WywYIoajrZKFM+0Gg=",
        "owner": "NixOS",
        "repo": "nixpkgs",
        "rev": "574d1eac1c200690e27b8eb4e24887f8df7ac27c",
        "type": "github"
      },
      "original": {
        "owner": "NixOS",
        "ref": "nixos-unstable",
        "repo": "nixpkgs",
        "type": "github"
      }
    },
    "nixpkgs-lib": {
      "locked": {
        "lastModified": 1772328832,
        "narHash": "sha256-e+/T/pmEkLP6BHhYjx6GmwP5ivonQQn0bJdH9YrRB+Q=",
        "owner": "nix-community",
        "repo": "nixpkgs.lib",
        "rev": "c185c7a5e5dd8f9add5b2f8ebeff00888b070742",
        "type": "github"
      },
      "original": {
        "owner": "nix-community",
        "repo": "nixpkgs.lib",
        "type": "github"
      }
    },
    "nixpkgs_2": {
      "locked": {
        "lastModified": 1768564909,
        "narHash": "sha256-Kell/SpJYVkHWMvnhqJz/8DqQg2b6PguxVWOuadbHCc=",
        "owner": "nixos",
        "repo": "nixpkgs",
        "rev": "e4bae1bd10c9c57b2cf517953ab70060a828ee6f",
        "type": "github"
      },
      "original": {
        "owner": "nixos",
        "ref": "nixos-unstable",
        "repo": "nixpkgs",
        "type": "github"
      }
    },
    "nixpkgs_3": {
      "locked": {
        "lastModified": 1773646010,
        "narHash": "sha256-iYrs97hS7p5u4lQzuNWzuALGIOdkPXvjz7bviiBjUu8=",
        "owner": "nixos",
        "repo": "nixpkgs",
        "rev": "5b2c2d84341b2afb5647081c1386a80d7a8d8605",
        "type": "github"
      },
      "original": {
        "owner": "nixos",
        "ref": "nixos-unstable",
        "repo": "nixpkgs",
        "type": "github"
      }
    },
    "nixpkgs_4": {
      "locked": {
        "lastModified": 1770107345,
        "narHash": "sha256-tbS0Ebx2PiA1FRW8mt8oejR0qMXmziJmPaU1d4kYY9g=",
        "owner": "nixos",
        "repo": "nixpkgs",
        "rev": "4533d9293756b63904b7238acb84ac8fe4c8c2c4",
        "type": "github"
      },
      "original": {
        "owner": "nixos",
        "ref": "nixpkgs-unstable",
        "repo": "nixpkgs",
        "type": "github"
      }
    },
    "nixvim": {
      "inputs": {
        "flake-parts": "flake-parts_4",
        "nixpkgs": [
          "nixpkgs"
        ],
        "systems": "systems_2"
      },
      "locked": {
        "lastModified": 1772402258,
        "narHash": "sha256-3DmCFOdmbkFML1/G9gj8Wb+rCCZFPOQtNoMCpqOF8SA=",
        "owner": "nix-community",
        "repo": "nixvim",
        "rev": "21ae25e13b01d3b4cdc750b5f9e7bad68b150c10",
        "type": "github"
      },
      "original": {
        "owner": "nix-community",
        "repo": "nixvim",
        "type": "github"
      }
    },
    "obs-livesplit-one": {
      "flake": false,
      "locked": {
        "lastModified": 1770524339,
        "narHash": "sha256-17cuBS65qgavQQ5ARXQN63RLZ4arkKQ65iGyC9unnOk=",
        "owner": "ColeTrammer",
        "repo": "obs-livesplit-one",
        "rev": "f5f82339bcc86128542206574765db78b61693bb",
        "type": "github"
      },
      "original": {
        "owner": "ColeTrammer",
        "ref": "master",
        "repo": "obs-livesplit-one",
        "type": "github"
      }
    },
    "root": {
      "inputs": {
        "ags": "ags",
        "catppuccin-alacritty": "catppuccin-alacritty",
        "catppuccin-bat": "catppuccin-bat",
        "catppuccin-bottom": "catppuccin-bottom",
        "catppuccin-delta": "catppuccin-delta",
        "catppuccin-ghostty": "catppuccin-ghostty",
        "catppuccin-palette": "catppuccin-palette",
        "catppuccin-tmux": "catppuccin-tmux",
        "catppuccin-zathura": "catppuccin-zathura",
        "catppuccin-zsh-fsh": "catppuccin-zsh-fsh",
        "di": "di",
        "disko": "disko",
        "dius": "dius",
        "flake-parts": "flake-parts_3",
        "flake-root": "flake-root",
        "home-manager": "home-manager",
        "impermanence": "impermanence",
        "lf": "lf",
        "live-split-druid": "live-split-druid",
        "multicursor-nvim": "multicursor-nvim",
        "nix-index-database": "nix-index-database",
        "nixpkgs": "nixpkgs_3",
        "nixvim": "nixvim",
        "obs-livesplit-one": "obs-livesplit-one",
        "seamless-navigation-nvim": "seamless-navigation-nvim",
        "stickybuf-nvim": "stickybuf-nvim",
        "treefmt-nix": "treefmt-nix",
        "ttx": "ttx",
        "yazi-flavors": "yazi-flavors",
        "yazi-plugins": "yazi-plugins"
      }
    },
    "seamless-navigation-nvim": {
      "inputs": {
        "flake-parts": "flake-parts_5",
        "nixpkgs": [
          "nixpkgs"
        ]
      },
      "locked": {
        "lastModified": 1771313038,
        "narHash": "sha256-5++2M9r1yCIot+qgPznb3xekzehICllIMiep3R0+pQM=",
        "owner": "coletrammer",
        "repo": "seamless-navigation.nvim",
        "rev": "9b9027f004bbbdb8c4618b82ed1109c0abb3f202",
        "type": "github"
      },
      "original": {
        "owner": "coletrammer",
        "repo": "seamless-navigation.nvim",
        "type": "github"
      }
    },
    "stickybuf-nvim": {
      "flake": false,
      "locked": {
        "lastModified": 1741152776,
        "narHash": "sha256-tMP91R7da79K7035lkVzVQ59xe8uG46qeH3uQU0iQLk=",
        "owner": "stevearc",
        "repo": "stickybuf.nvim",
        "rev": "0c1e5f1a3eb36eea2cea57083828269cc62c58e4",
        "type": "github"
      },
      "original": {
        "owner": "stevearc",
        "repo": "stickybuf.nvim",
        "type": "github"
      }
    },
    "systems": {
      "locked": {
        "lastModified": 1689347949,
        "narHash": "sha256-12tWmuL2zgBgZkdoB6qXZsgJEH9LR3oUgpaQq2RbI80=",
        "owner": "nix-systems",
        "repo": "default-linux",
        "rev": "31732fcf5e8fea42e59c2488ad31a0e651500f68",
        "type": "github"
      },
      "original": {
        "owner": "nix-systems",
        "repo": "default-linux",
        "type": "github"
      }
    },
    "systems_2": {
      "locked": {
        "lastModified": 1681028828,
        "narHash": "sha256-Vy1rq5AaRuLzOxct8nz4T6wlgyUR7zLU309k9mBC768=",
        "owner": "nix-systems",
        "repo": "default",
        "rev": "da67096a3b9bf56a91d16901293e51ba5b49a27e",
        "type": "github"
      },
      "original": {
        "owner": "nix-systems",
        "repo": "default",
        "type": "github"
      }
    },
    "treefmt-nix": {
      "inputs": {
        "nixpkgs": "nixpkgs_4"
      },
      "locked": {
        "lastModified": 1773297127,
        "narHash": "sha256-6E/yhXP7Oy/NbXtf1ktzmU8SdVqJQ09HC/48ebEGBpk=",
        "owner": "numtide",
        "repo": "treefmt-nix",
        "rev": "71b125cd05fbfd78cab3e070b73544abe24c5016",
        "type": "github"
      },
      "original": {
        "owner": "numtide",
        "repo": "treefmt-nix",
        "type": "github"
      }
    },
    "ttx": {
      "inputs": {
        "di": "di_2",
        "dius": [
          "dius"
        ],
        "flake-parts": "flake-parts_6",
        "nixpkgs": [
          "nixpkgs"
        ]
      },
      "locked": {
        "lastModified": 1773987661,
        "narHash": "sha256-VD/0X61nsX9zH1UmusjYOiBxlUobxoT3U8+gBZniEN8=",
        "owner": "coletrammer",
        "repo": "ttx",
        "rev": "781c8876ef925e8a43ef5ebf43e166863f4fe633",
        "type": "github"
      },
      "original": {
        "owner": "coletrammer",
        "ref": "settings",
        "repo": "ttx",
        "type": "github"
      }
    },
    "yazi-flavors": {
      "flake": false,
      "locked": {
        "lastModified": 1773403393,
        "narHash": "sha256-3RR8mi7CcVMDMitdTdaonFmfAIkeOzWK/CVKQmomIhE=",
        "owner": "yazi-rs",
        "repo": "flavors",
        "rev": "9511cb09cadcbf57e39a46b06a52d00957177175",
        "type": "github"
      },
      "original": {
        "owner": "yazi-rs",
        "repo": "flavors",
        "type": "github"
      }
    },
    "yazi-plugins": {
      "flake": false,
      "locked": {
        "lastModified": 1772159384,
        "narHash": "sha256-pAkBlodci4Yf+CTjhGuNtgLOTMNquty7xP0/HSeoLzE=",
        "owner": "yazi-rs",
        "repo": "plugins",
        "rev": "196281844b8cbcac658a59013e4805300c2d6126",
        "type": "github"
      },
      "original": {
        "owner": "yazi-rs",
        "repo": "plugins",
        "type": "github"
      }
    }
  },
  "root": "root",
  "version": 7
}
