{
  "nodes": {
    "ags": {
      "inputs": {
        "nixpkgs": [
          "nixpkgs"
        ],
        "systems": "systems"
      },
      "locked": {
        "lastModified": 1735346349,
        "narHash": "sha256-n/VeEnc6fra2SPgm2ppzwQ52ggYDhpzmBnIBrVD/f+0=",
        "owner": "Aylur",
        "repo": "ags",
        "rev": "237601999d65a4663bcbab934f4f6ce1f579d728",
        "type": "github"
      },
      "original": {
        "owner": "Aylur",
        "ref": "v1",
        "repo": "ags",
        "type": "github"
      }
    },
    "catppuccin-alacritty": {
      "flake": false,
      "locked": {
        "lastModified": 1730074245,
        "narHash": "sha256-H8bouVCS46h0DgQ+oYY8JitahQDj0V9p2cOoD4cQX+Q=",
        "owner": "catppuccin",
        "repo": "alacritty",
        "rev": "f6cb5a5c2b404cdaceaff193b9c52317f62c62f7",
        "type": "github"
      },
      "original": {
        "owner": "catppuccin",
        "repo": "alacritty",
        "type": "github"
      }
    },
    "catppuccin-bat": {
      "flake": false,
      "locked": {
        "lastModified": 1734996624,
        "narHash": "sha256-6fWoCH90IGumAMc4buLRWL0N61op+AuMNN9CAR9/OdI=",
        "owner": "catppuccin",
        "repo": "bat",
        "rev": "699f60fc8ec434574ca7451b444b880430319941",
        "type": "github"
      },
      "original": {
        "owner": "catppuccin",
        "repo": "bat",
        "type": "github"
      }
    },
    "catppuccin-bottom": {
      "flake": false,
      "locked": {
        "lastModified": 1726591156,
        "narHash": "sha256-Vi438I+YVvoD2xzq2t9hJ9R3a+2TlDdbakjFYFtjtXQ=",
        "owner": "catppuccin",
        "repo": "bottom",
        "rev": "ed09bd5a5dd78d83acdc8ff5fdec40a6340ed1c2",
        "type": "github"
      },
      "original": {
        "owner": "catppuccin",
        "repo": "bottom",
        "rev": "ed09bd5a5dd78d83acdc8ff5fdec40a6340ed1c2",
        "type": "github"
      }
    },
    "catppuccin-delta": {
      "flake": false,
      "locked": {
        "lastModified": 1735675170,
        "narHash": "sha256-04po0A7bVMsmYdJcKL6oL39RlMLij1lRKvWl5AUXJ7Q=",
        "owner": "catppuccin",
        "repo": "delta",
        "rev": "e9e21cffd98787f1b59e6f6e42db599f9b8ab399",
        "type": "github"
      },
      "original": {
        "owner": "catppuccin",
        "repo": "delta",
        "type": "github"
      }
    },
    "catppuccin-ghostty": {
      "flake": false,
      "locked": {
        "lastModified": 1739275590,
        "narHash": "sha256-RlgTeBkjEvZpkZbhIss3KxQcvt0goy4WU+w9d2XCOnw=",
        "owner": "catppuccin",
        "repo": "ghostty",
        "rev": "9e38fc2b4e76d4ed5ff9edc5ac9e4081c7ce6ba6",
        "type": "github"
      },
      "original": {
        "owner": "catppuccin",
        "repo": "ghostty",
        "type": "github"
      }
    },
    "catppuccin-palette": {
      "flake": false,
      "locked": {
        "lastModified": 1742245182,
        "narHash": "sha256-R52Q1FVAclvBk7xNgj/Jl+GPCIbORNf6YbJ1nxH3Gzs=",
        "owner": "catppuccin",
        "repo": "palette",
        "rev": "0df7db6fe201b437d91e7288fa22807bb0e44701",
        "type": "github"
      },
      "original": {
        "owner": "catppuccin",
        "repo": "palette",
        "type": "github"
      }
    },
    "catppuccin-tmux": {
      "flake": false,
      "locked": {
        "lastModified": 1727657302,
        "narHash": "sha256-0PV4h1u7QYzaxxrgfF/dE+Y9MGcEKpcspkyMC2HO+Hk=",
        "owner": "catppuccin",
        "repo": "tmux",
        "rev": "5fbfcc12f5144d4ba603a0e6e6ec61c44b6ccba4",
        "type": "github"
      },
      "original": {
        "owner": "catppuccin",
        "ref": "v0.3.0",
        "repo": "tmux",
        "type": "github"
      }
    },
    "catppuccin-zathura": {
      "flake": false,
      "locked": {
        "lastModified": 1712249512,
        "narHash": "sha256-/vD/hOi6KcaGyAp6Az7jL5/tQSGRzIrf0oHjAJf4QbI=",
        "owner": "catppuccin",
        "repo": "zathura",
        "rev": "0adc53028d81bf047461bc61c43a484d11b15220",
        "type": "github"
      },
      "original": {
        "owner": "catppuccin",
        "repo": "zathura",
        "type": "github"
      }
    },
    "catppuccin-zsh-fsh": {
      "flake": false,
      "locked": {
        "lastModified": 1721499232,
        "narHash": "sha256-WeqvsKXTO3Iham+2dI1QsNZWA8Yv9BHn1BgdlvR8zaw=",
        "owner": "catppuccin",
        "repo": "zsh-fsh",
        "rev": "a9bdf479f8982c4b83b5c5005c8231c6b3352e2a",
        "type": "github"
      },
      "original": {
        "owner": "catppuccin",
        "repo": "zsh-fsh",
        "type": "github"
      }
    },
    "di": {
      "inputs": {
        "flake-parts": [
          "ttx",
          "flake-parts"
        ],
        "nixpkgs": [
          "ttx",
          "nixpkgs"
        ]
      },
      "locked": {
        "lastModified": 1745302835,
        "narHash": "sha256-7UXF3eD798nFA9G5F5p7ww3nuU2gyDNslYgYMOgvtOU=",
        "owner": "coletrammer",
        "repo": "di",
        "rev": "1f040eae7af23ac814ff8eb331bb060a05619775",
        "type": "github"
      },
      "original": {
        "owner": "coletrammer",
        "repo": "di",
        "type": "github"
      }
    },
    "disko": {
      "inputs": {
        "nixpkgs": [
          "nixpkgs"
        ]
      },
      "locked": {
        "lastModified": 1749436314,
        "narHash": "sha256-CqmqU5FRg5AadtIkxwu8ulDSOSoIisUMZRLlcED3Q5w=",
        "owner": "nix-community",
        "repo": "disko",
        "rev": "dfa4d1b9c39c0342ef133795127a3af14598017a",
        "type": "github"
      },
      "original": {
        "owner": "nix-community",
        "repo": "disko",
        "type": "github"
      }
    },
    "dius": {
      "inputs": {
        "di": [
          "ttx",
          "di"
        ],
        "flake-parts": [
          "ttx",
          "flake-parts"
        ],
        "nixpkgs": [
          "ttx",
          "nixpkgs"
        ]
      },
      "locked": {
        "lastModified": 1747526544,
        "narHash": "sha256-lNpTLk/VYsyzhL9T9/zJwGQlBx+Ry6VB89BSYVVNx3Y=",
        "owner": "coletrammer",
        "repo": "dius",
        "rev": "5d3fc10c20c491272c522ec277e9ca665f2f420e",
        "type": "github"
      },
      "original": {
        "owner": "coletrammer",
        "repo": "dius",
        "type": "github"
      }
    },
    "flake-parts": {
      "inputs": {
        "nixpkgs-lib": "nixpkgs-lib"
      },
      "locked": {
        "lastModified": 1749398372,
        "narHash": "sha256-tYBdgS56eXYaWVW3fsnPQ/nFlgWi/Z2Ymhyu21zVM98=",
        "owner": "hercules-ci",
        "repo": "flake-parts",
        "rev": "9305fe4e5c2a6fcf5ba6a3ff155720fbe4076569",
        "type": "github"
      },
      "original": {
        "owner": "hercules-ci",
        "repo": "flake-parts",
        "type": "github"
      }
    },
    "flake-parts_2": {
      "inputs": {
        "nixpkgs-lib": [
          "nixvim",
          "nixpkgs"
        ]
      },
      "locked": {
        "lastModified": 1749398372,
        "narHash": "sha256-tYBdgS56eXYaWVW3fsnPQ/nFlgWi/Z2Ymhyu21zVM98=",
        "owner": "hercules-ci",
        "repo": "flake-parts",
        "rev": "9305fe4e5c2a6fcf5ba6a3ff155720fbe4076569",
        "type": "github"
      },
      "original": {
        "owner": "hercules-ci",
        "repo": "flake-parts",
        "type": "github"
      }
    },
    "flake-parts_3": {
      "inputs": {
        "nixpkgs-lib": [
          "ttx",
          "nixpkgs"
        ]
      },
      "locked": {
        "lastModified": 1743550720,
        "narHash": "sha256-hIshGgKZCgWh6AYJpJmRgFdR3WUbkY04o82X05xqQiY=",
        "owner": "hercules-ci",
        "repo": "flake-parts",
        "rev": "c621e8422220273271f52058f618c94e405bb0f5",
        "type": "github"
      },
      "original": {
        "owner": "hercules-ci",
        "repo": "flake-parts",
        "type": "github"
      }
    },
    "flake-root": {
      "locked": {
        "lastModified": 1723604017,
        "narHash": "sha256-rBtQ8gg+Dn4Sx/s+pvjdq3CB2wQNzx9XGFq/JVGCB6k=",
        "owner": "srid",
        "repo": "flake-root",
        "rev": "b759a56851e10cb13f6b8e5698af7b59c44be26e",
        "type": "github"
      },
      "original": {
        "owner": "srid",
        "repo": "flake-root",
        "type": "github"
      }
    },
    "flake-utils": {
      "inputs": {
        "systems": "systems_2"
      },
      "locked": {
        "lastModified": 1731533236,
        "narHash": "sha256-l0KFg5HjrsfsO/JpG+r7fRrqm12kzFHyUHqHCVpMMbI=",
        "owner": "numtide",
        "repo": "flake-utils",
        "rev": "11707dc2f618dd54ca8739b309ec4fc024de578b",
        "type": "github"
      },
      "original": {
        "owner": "numtide",
        "repo": "flake-utils",
        "type": "github"
      }
    },
    "home-manager": {
      "inputs": {
        "nixpkgs": [
          "nixpkgs"
        ]
      },
      "locked": {
        "lastModified": 1749821119,
        "narHash": "sha256-X3WAS322EsebI4ohJcXhKpiyG1v+7wE4VOiXy1pxM/c=",
        "owner": "nix-community",
        "repo": "home-manager",
        "rev": "79dfd9aa295e53773aad45480b44c131da29f35b",
        "type": "github"
      },
      "original": {
        "owner": "nix-community",
        "repo": "home-manager",
        "type": "github"
      }
    },
    "impermanence": {
      "locked": {
        "lastModified": 1737831083,
        "narHash": "sha256-LJggUHbpyeDvNagTUrdhe/pRVp4pnS6wVKALS782gRI=",
        "owner": "nix-community",
        "repo": "impermanence",
        "rev": "4b3e914cdf97a5b536a889e939fb2fd2b043a170",
        "type": "github"
      },
      "original": {
        "owner": "nix-community",
        "repo": "impermanence",
        "type": "github"
      }
    },
    "ixx": {
      "inputs": {
        "flake-utils": [
          "nixvim",
          "nuschtosSearch",
          "flake-utils"
        ],
        "nixpkgs": [
          "nixvim",
          "nuschtosSearch",
          "nixpkgs"
        ]
      },
      "locked": {
        "lastModified": 1748294338,
        "narHash": "sha256-FVO01jdmUNArzBS7NmaktLdGA5qA3lUMJ4B7a05Iynw=",
        "owner": "NuschtOS",
        "repo": "ixx",
        "rev": "cc5f390f7caf265461d4aab37e98d2292ebbdb85",
        "type": "github"
      },
      "original": {
        "owner": "NuschtOS",
        "ref": "v0.0.8",
        "repo": "ixx",
        "type": "github"
      }
    },
    "lf": {
      "flake": false,
      "locked": {
        "lastModified": 1749858452,
        "narHash": "sha256-t6Ede/eaF+Eug9q195/aTNn/g1RdMWInsFvvXiRr8TI=",
        "owner": "gokcehan",
        "repo": "lf",
        "rev": "b76d2546e18f35b0bc440d7eed20a512679b30a8",
        "type": "github"
      },
      "original": {
        "owner": "gokcehan",
        "repo": "lf",
        "type": "github"
      }
    },
    "multicursor-nvim": {
      "flake": false,
      "locked": {
        "lastModified": 1748503644,
        "narHash": "sha256-NUOJlFZhB8OqBlkp+dXUQzFTHvPCMmWFMMTWmV7XdLQ=",
        "owner": "jake-stewart",
        "repo": "multicursor.nvim",
        "rev": "6fba38bccf45cfb681f4ff6098f886213f299a34",
        "type": "github"
      },
      "original": {
        "owner": "jake-stewart",
        "repo": "multicursor.nvim",
        "type": "github"
      }
    },
    "nix-index-database": {
      "inputs": {
        "nixpkgs": [
          "nixpkgs"
        ]
      },
      "locked": {
        "lastModified": 1749355504,
        "narHash": "sha256-L17CdJMD+/FCBOHjREQLXbe2VUnc3rjffenBbu2Kwpc=",
        "owner": "nix-community",
        "repo": "nix-index-database",
        "rev": "40a6e15e44b11fbf8f2b1df9d64dbfc117625e94",
        "type": "github"
      },
      "original": {
        "owner": "nix-community",
        "repo": "nix-index-database",
        "type": "github"
      }
    },
    "nixpkgs": {
      "locked": {
        "lastModified": 1749794982,
        "narHash": "sha256-Kh9K4taXbVuaLC0IL+9HcfvxsSUx8dPB5s5weJcc9pc=",
        "owner": "nixos",
        "repo": "nixpkgs",
        "rev": "ee930f9755f58096ac6e8ca94a1887e0534e2d81",
        "type": "github"
      },
      "original": {
        "owner": "nixos",
        "ref": "nixos-unstable",
        "repo": "nixpkgs",
        "type": "github"
      }
    },
    "nixpkgs-lib": {
      "locked": {
        "lastModified": 1748740939,
        "narHash": "sha256-rQaysilft1aVMwF14xIdGS3sj1yHlI6oKQNBRTF40cc=",
        "owner": "nix-community",
        "repo": "nixpkgs.lib",
        "rev": "656a64127e9d791a334452c6b6606d17539476e2",
        "type": "github"
      },
      "original": {
        "owner": "nix-community",
        "repo": "nixpkgs.lib",
        "type": "github"
      }
    },
    "nixpkgs_2": {
      "locked": {
        "lastModified": 1747958103,
        "narHash": "sha256-qmmFCrfBwSHoWw7cVK4Aj+fns+c54EBP8cGqp/yK410=",
        "owner": "nixos",
        "repo": "nixpkgs",
        "rev": "fe51d34885f7b5e3e7b59572796e1bcb427eccb1",
        "type": "github"
      },
      "original": {
        "owner": "nixos",
        "ref": "nixpkgs-unstable",
        "repo": "nixpkgs",
        "type": "github"
      }
    },
    "nixvim": {
      "inputs": {
        "flake-parts": "flake-parts_2",
        "nixpkgs": [
          "nixpkgs"
        ],
        "nuschtosSearch": "nuschtosSearch",
        "systems": "systems_3"
      },
      "locked": {
        "lastModified": 1749924512,
        "narHash": "sha256-IYv0yEFh86c+UnkcjrUAV0UeIE+9vMEeXDIF+YRlooc=",
        "owner": "nix-community",
        "repo": "nixvim",
        "rev": "e114d442b14f3a299307ca9b0f0eab20e821f419",
        "type": "github"
      },
      "original": {
        "owner": "nix-community",
        "repo": "nixvim",
        "type": "github"
      }
    },
    "nuschtosSearch": {
      "inputs": {
        "flake-utils": "flake-utils",
        "ixx": "ixx",
        "nixpkgs": [
          "nixvim",
          "nixpkgs"
        ]
      },
      "locked": {
        "lastModified": 1749730855,
        "narHash": "sha256-L3x2nSlFkXkM6tQPLJP3oCBMIsRifhIDPMQQdHO5xWo=",
        "owner": "NuschtOS",
        "repo": "search",
        "rev": "8dfe5879dd009ff4742b668d9c699bc4b9761742",
        "type": "github"
      },
      "original": {
        "owner": "NuschtOS",
        "repo": "search",
        "type": "github"
      }
    },
    "root": {
      "inputs": {
        "ags": "ags",
        "catppuccin-alacritty": "catppuccin-alacritty",
        "catppuccin-bat": "catppuccin-bat",
        "catppuccin-bottom": "catppuccin-bottom",
        "catppuccin-delta": "catppuccin-delta",
        "catppuccin-ghostty": "catppuccin-ghostty",
        "catppuccin-palette": "catppuccin-palette",
        "catppuccin-tmux": "catppuccin-tmux",
        "catppuccin-zathura": "catppuccin-zathura",
        "catppuccin-zsh-fsh": "catppuccin-zsh-fsh",
        "disko": "disko",
        "flake-parts": "flake-parts",
        "flake-root": "flake-root",
        "home-manager": "home-manager",
        "impermanence": "impermanence",
        "lf": "lf",
        "multicursor-nvim": "multicursor-nvim",
        "nix-index-database": "nix-index-database",
        "nixpkgs": "nixpkgs",
        "nixvim": "nixvim",
        "stickybuf-nvim": "stickybuf-nvim",
        "tmux": "tmux",
        "treefmt-nix": "treefmt-nix",
        "ttx": "ttx",
        "yazi-flavors": "yazi-flavors",
        "yazi-plugins": "yazi-plugins"
      }
    },
    "stickybuf-nvim": {
      "flake": false,
      "locked": {
        "lastModified": 1741152776,
        "narHash": "sha256-tMP91R7da79K7035lkVzVQ59xe8uG46qeH3uQU0iQLk=",
        "owner": "stevearc",
        "repo": "stickybuf.nvim",
        "rev": "0c1e5f1a3eb36eea2cea57083828269cc62c58e4",
        "type": "github"
      },
      "original": {
        "owner": "stevearc",
        "repo": "stickybuf.nvim",
        "type": "github"
      }
    },
    "systems": {
      "locked": {
        "lastModified": 1689347949,
        "narHash": "sha256-12tWmuL2zgBgZkdoB6qXZsgJEH9LR3oUgpaQq2RbI80=",
        "owner": "nix-systems",
        "repo": "default-linux",
        "rev": "31732fcf5e8fea42e59c2488ad31a0e651500f68",
        "type": "github"
      },
      "original": {
        "owner": "nix-systems",
        "repo": "default-linux",
        "type": "github"
      }
    },
    "systems_2": {
      "locked": {
        "lastModified": 1681028828,
        "narHash": "sha256-Vy1rq5AaRuLzOxct8nz4T6wlgyUR7zLU309k9mBC768=",
        "owner": "nix-systems",
        "repo": "default",
        "rev": "da67096a3b9bf56a91d16901293e51ba5b49a27e",
        "type": "github"
      },
      "original": {
        "owner": "nix-systems",
        "repo": "default",
        "type": "github"
      }
    },
    "systems_3": {
      "locked": {
        "lastModified": 1681028828,
        "narHash": "sha256-Vy1rq5AaRuLzOxct8nz4T6wlgyUR7zLU309k9mBC768=",
        "owner": "nix-systems",
        "repo": "default",
        "rev": "da67096a3b9bf56a91d16901293e51ba5b49a27e",
        "type": "github"
      },
      "original": {
        "owner": "nix-systems",
        "repo": "default",
        "type": "github"
      }
    },
    "tmux": {
      "flake": false,
      "locked": {
        "lastModified": 1727787668,
        "narHash": "sha256-KrDQf4jSvllfBpuNpUnY20cwnVrmDv9citzHhJ7WMrs=",
        "owner": "tmux",
        "repo": "tmux",
        "rev": "826ba515beef76dff7d8865599a19e06ae1c4f6a",
        "type": "github"
      },
      "original": {
        "owner": "tmux",
        "repo": "tmux",
        "rev": "826ba515beef76dff7d8865599a19e06ae1c4f6a",
        "type": "github"
      }
    },
    "treefmt-nix": {
      "inputs": {
        "nixpkgs": "nixpkgs_2"
      },
      "locked": {
        "lastModified": 1749194973,
        "narHash": "sha256-eEy8cuS0mZ2j/r/FE0/LYBSBcIs/MKOIVakwHVuqTfk=",
        "owner": "numtide",
        "repo": "treefmt-nix",
        "rev": "a05be418a1af1198ca0f63facb13c985db4cb3c5",
        "type": "github"
      },
      "original": {
        "owner": "numtide",
        "repo": "treefmt-nix",
        "type": "github"
      }
    },
    "ttx": {
      "inputs": {
        "di": "di",
        "dius": "dius",
        "flake-parts": "flake-parts_3",
        "nixpkgs": [
          "nixpkgs"
        ]
      },
      "locked": {
        "lastModified": 1749926396,
        "narHash": "sha256-JfMslf/jUlNesSyicNGcuc0J92fm7QgKLIswhw/1o3o=",
        "owner": "coletrammer",
        "repo": "ttx",
        "rev": "9d63722d2ab3c5877b21184c6d4ae9843cf58c95",
        "type": "github"
      },
      "original": {
        "owner": "coletrammer",
        "ref": "osc133",
        "repo": "ttx",
        "type": "github"
      }
    },
    "yazi-flavors": {
      "flake": false,
      "locked": {
        "lastModified": 1748603166,
        "narHash": "sha256-m3yk6OcJ9vbCwtxkMRVUDhMMTOwaBFlqWDxGqX2Kyvc=",
        "owner": "yazi-rs",
        "repo": "flavors",
        "rev": "d04a298a8d4ada755816cb1a8cfb74dd46ef7124",
        "type": "github"
      },
      "original": {
        "owner": "yazi-rs",
        "repo": "flavors",
        "type": "github"
      }
    },
    "yazi-plugins": {
      "flake": false,
      "locked": {
        "lastModified": 1749688931,
        "narHash": "sha256-QkjXl8lGeqFgL2FGTs63xW0/hbZEpIyBCWnkdCgcv5s=",
        "owner": "yazi-rs",
        "repo": "plugins",
        "rev": "aeca767ec27bfbea66873d667a729791de18f364",
        "type": "github"
      },
      "original": {
        "owner": "yazi-rs",
        "repo": "plugins",
        "type": "github"
      }
    }
  },
  "root": "root",
  "version": 7
}
